
Microsoft Visual Studio Solution File, Format Version 12.00
# Visual Studio Version 16
VisualStudioVersion = 16.0.30611.23
MinimumVisualStudioVersion = 10.0.40219.1
Project("{FAE04EC0-301F-11D3-BF4B-00C04F79EFBC}") = "ParkyApi", "ParkyApi.csproj", "{798308CE-9A23-4269-B7CF-C0375BD1EE9B}"
EndProject
Global
	GlobalSection(SolutionConfigurationPlatforms) = preSolution
		Debug|Any CPU = Debug|Any CPU
		Release|Any CPU = Release|Any CPU
	EndGlobalSection
	GlobalSection(ProjectConfigurationPlatforms) = postSolution
		{798308CE-9A23-4269-B7CF-C0375BD1EE9B}.Debug|Any CPU.ActiveCfg = Debug|Any CPU
		{798308CE-9A23-4269-B7CF-C0375BD1EE9B}.Debug|Any CPU.Build.0 = Debug|Any CPU
		{798308CE-9A23-4269-B7CF-C0375BD1EE9B}.Release|Any CPU.ActiveCfg = Release|Any CPU
		{798308CE-9A23-4269-B7CF-C0375BD1EE9B}.Release|Any CPU.Build.0 = Release|Any CPU
	EndGlobalSection
	GlobalSection(SolutionProperties) = preSolution
		HideSolutionNode = FALSE
	EndGlobalSection
	GlobalSection(ExtensibilityGlobals) = postSolution
		SolutionGuid = {7C79AC48-9449-49DB-9945-4C529C474598}
	EndGlobalSection
EndGlobal
